// !$*UTF8*$!
{
	archiveVersion = 1;
	classes = {
	};
	objectVersion = 50;
	objects = {

/* Begin PBXBuildFile section */
		952735DE243BB6AA00EC4EE3 /* AppDelegate.swift in Sources */ = {isa = PBXBuildFile; fileRef = 952735DD243BB6AA00EC4EE3 /* AppDelegate.swift */; };
		952735E0243BB6AA00EC4EE3 /* SceneDelegate.swift in Sources */ = {isa = PBXBuildFile; fileRef = 952735DF243BB6AA00EC4EE3 /* SceneDelegate.swift */; };
		952735E2243BB6AA00EC4EE3 /* ContentView.swift in Sources */ = {isa = PBXBuildFile; fileRef = 952735E1243BB6AA00EC4EE3 /* ContentView.swift */; };
		952735E4243BB6AD00EC4EE3 /* Assets.xcassets in Resources */ = {isa = PBXBuildFile; fileRef = 952735E3243BB6AD00EC4EE3 /* Assets.xcassets */; };
		952735E7243BB6AD00EC4EE3 /* Preview Assets.xcassets in Resources */ = {isa = PBXBuildFile; fileRef = 952735E6243BB6AD00EC4EE3 /* Preview Assets.xcassets */; };
		952735EA243BB6AD00EC4EE3 /* LaunchScreen.storyboard in Resources */ = {isa = PBXBuildFile; fileRef = 952735E8243BB6AD00EC4EE3 /* LaunchScreen.storyboard */; };
		952735F3243BB89C00EC4EE3 /* IgnoredSwiftUIFile.swift in Sources */ = {isa = PBXBuildFile; fileRef = 952735F2243BB89C00EC4EE3 /* IgnoredSwiftUIFile.swift */; };
		952735F6243BB8F700EC4EE3 /* UserSession.swift in Sources */ = {isa = PBXBuildFile; fileRef = 952735F5243BB8F700EC4EE3 /* UserSession.swift */; };
		952735F9243BB98600EC4EE3 /* LoginView.swift in Sources */ = {isa = PBXBuildFile; fileRef = 952735F8243BB98600EC4EE3 /* LoginView.swift */; };
		952735FC243CC16500EC4EE3 /* Color+BrandColors.swift in Sources */ = {isa = PBXBuildFile; fileRef = 952735FB243CC16500EC4EE3 /* Color+BrandColors.swift */; };
		953424C9245A01AB0023E688 /* PickListView.swift in Sources */ = {isa = PBXBuildFile; fileRef = 953424C8245A01AB0023E688 /* PickListView.swift */; };
		9555C079245B6F830084AB0E /* ChoosePickListViewCellCopy.swift in Sources */ = {isa = PBXBuildFile; fileRef = 9555C078245B6F830084AB0E /* ChoosePickListViewCellCopy.swift */; };
		9555C07B245B6FFD0084AB0E /* NumberBoxViewCopy.swift in Sources */ = {isa = PBXBuildFile; fileRef = 9555C07A245B6FFD0084AB0E /* NumberBoxViewCopy.swift */; };
		9555C07D245B70A70084AB0E /* PickListViewCopy.swift in Sources */ = {isa = PBXBuildFile; fileRef = 9555C07C245B70A70084AB0E /* PickListViewCopy.swift */; };
		9592BF832444E66100F3ED20 /* ChoosePickListView.swift in Sources */ = {isa = PBXBuildFile; fileRef = 9592BF822444E66000F3ED20 /* ChoosePickListView.swift */; };
		9592BF852444E6D400F3ED20 /* NotLoggedInView.swift in Sources */ = {isa = PBXBuildFile; fileRef = 9592BF842444E6D400F3ED20 /* NotLoggedInView.swift */; };
		9592BF872445D54F00F3ED20 /* UserAuth.swift in Sources */ = {isa = PBXBuildFile; fileRef = 9592BF862445D54F00F3ED20 /* UserAuth.swift */; };
		9592BF892445DA9000F3ED20 /* NumberBoxView.swift in Sources */ = {isa = PBXBuildFile; fileRef = 9592BF882445DA9000F3ED20 /* NumberBoxView.swift */; };
		95E2FC392456EB1200790E1C /* BadgeView.swift in Sources */ = {isa = PBXBuildFile; fileRef = 95E2FC382456EB1200790E1C /* BadgeView.swift */; };
		95E2FC3B2456F8A700790E1C /* PickList.swift in Sources */ = {isa = PBXBuildFile; fileRef = 95E2FC3A2456F8A700790E1C /* PickList.swift */; };
		95E2FC3D2456FAE200790E1C /* SalesOrder.swift in Sources */ = {isa = PBXBuildFile; fileRef = 95E2FC3C2456FAE200790E1C /* SalesOrder.swift */; };
		95E2FC3F2456FCAC00790E1C /* ChoosePickListViewCell.swift in Sources */ = {isa = PBXBuildFile; fileRef = 95E2FC3E2456FCAC00790E1C /* ChoosePickListViewCell.swift */; };
/* End PBXBuildFile section */

/* Begin PBXFileReference section */
		952735DA243BB6AA00EC4EE3 /* PlukSystem.app */ = {isa = PBXFileReference; explicitFileType = wrapper.application; includeInIndex = 0; path = PlukSystem.app; sourceTree = BUILT_PRODUCTS_DIR; };
		952735DD243BB6AA00EC4EE3 /* AppDelegate.swift */ = {isa = PBXFileReference; lastKnownFileType = sourcecode.swift; path = AppDelegate.swift; sourceTree = "<group>"; };
		952735DF243BB6AA00EC4EE3 /* SceneDelegate.swift */ = {isa = PBXFileReference; lastKnownFileType = sourcecode.swift; path = SceneDelegate.swift; sourceTree = "<group>"; };
		952735E1243BB6AA00EC4EE3 /* ContentView.swift */ = {isa = PBXFileReference; lastKnownFileType = sourcecode.swift; path = ContentView.swift; sourceTree = "<group>"; };
		952735E3243BB6AD00EC4EE3 /* Assets.xcassets */ = {isa = PBXFileReference; lastKnownFileType = folder.assetcatalog; path = Assets.xcassets; sourceTree = "<group>"; };
		952735E6243BB6AD00EC4EE3 /* Preview Assets.xcassets */ = {isa = PBXFileReference; lastKnownFileType = folder.assetcatalog; path = "Preview Assets.xcassets"; sourceTree = "<group>"; };
		952735E9243BB6AD00EC4EE3 /* Base */ = {isa = PBXFileReference; lastKnownFileType = file.storyboard; name = Base; path = Base.lproj/LaunchScreen.storyboard; sourceTree = "<group>"; };
		952735EB243BB6AD00EC4EE3 /* Info.plist */ = {isa = PBXFileReference; lastKnownFileType = text.plist.xml; path = Info.plist; sourceTree = "<group>"; };
		952735F2243BB89C00EC4EE3 /* IgnoredSwiftUIFile.swift */ = {isa = PBXFileReference; lastKnownFileType = sourcecode.swift; path = IgnoredSwiftUIFile.swift; sourceTree = "<group>"; };
		952735F5243BB8F700EC4EE3 /* UserSession.swift */ = {isa = PBXFileReference; lastKnownFileType = sourcecode.swift; path = UserSession.swift; sourceTree = "<group>"; };
		952735F8243BB98600EC4EE3 /* LoginView.swift */ = {isa = PBXFileReference; lastKnownFileType = sourcecode.swift; path = LoginView.swift; sourceTree = "<group>"; };
		952735FB243CC16500EC4EE3 /* Color+BrandColors.swift */ = {isa = PBXFileReference; lastKnownFileType = sourcecode.swift; path = "Color+BrandColors.swift"; sourceTree = "<group>"; };
		953424C8245A01AB0023E688 /* PickListView.swift */ = {isa = PBXFileReference; lastKnownFileType = sourcecode.swift; path = PickListView.swift; sourceTree = "<group>"; };
		9555C078245B6F830084AB0E /* ChoosePickListViewCellCopy.swift */ = {isa = PBXFileReference; lastKnownFileType = sourcecode.swift; path = ChoosePickListViewCellCopy.swift; sourceTree = "<group>"; };
		9555C07A245B6FFD0084AB0E /* NumberBoxViewCopy.swift */ = {isa = PBXFileReference; lastKnownFileType = sourcecode.swift; path = NumberBoxViewCopy.swift; sourceTree = "<group>"; };
		9555C07C245B70A70084AB0E /* PickListViewCopy.swift */ = {isa = PBXFileReference; lastKnownFileType = sourcecode.swift; path = PickListViewCopy.swift; sourceTree = "<group>"; };
		9592BF822444E66000F3ED20 /* ChoosePickListView.swift */ = {isa = PBXFileReference; lastKnownFileType = sourcecode.swift; path = ChoosePickListView.swift; sourceTree = "<group>"; };
		9592BF842444E6D400F3ED20 /* NotLoggedInView.swift */ = {isa = PBXFileReference; lastKnownFileType = sourcecode.swift; path = NotLoggedInView.swift; sourceTree = "<group>"; };
		9592BF862445D54F00F3ED20 /* UserAuth.swift */ = {isa = PBXFileReference; lastKnownFileType = sourcecode.swift; path = UserAuth.swift; sourceTree = "<group>"; };
		9592BF882445DA9000F3ED20 /* NumberBoxView.swift */ = {isa = PBXFileReference; lastKnownFileType = sourcecode.swift; path = NumberBoxView.swift; sourceTree = "<group>"; };
		95E2FC382456EB1200790E1C /* BadgeView.swift */ = {isa = PBXFileReference; fileEncoding = 4; lastKnownFileType = sourcecode.swift; path = BadgeView.swift; sourceTree = "<group>"; };
		95E2FC3A2456F8A700790E1C /* PickList.swift */ = {isa = PBXFileReference; lastKnownFileType = sourcecode.swift; path = PickList.swift; sourceTree = "<group>"; };
		95E2FC3C2456FAE200790E1C /* SalesOrder.swift */ = {isa = PBXFileReference; lastKnownFileType = sourcecode.swift; path = SalesOrder.swift; sourceTree = "<group>"; };
		95E2FC3E2456FCAC00790E1C /* ChoosePickListViewCell.swift */ = {isa = PBXFileReference; lastKnownFileType = sourcecode.swift; path = ChoosePickListViewCell.swift; sourceTree = "<group>"; };
/* End PBXFileReference section */

/* Begin PBXFrameworksBuildPhase section */
		952735D7243BB6AA00EC4EE3 /* Frameworks */ = {
			isa = PBXFrameworksBuildPhase;
			buildActionMask = 2147483647;
			files = (
			);
			runOnlyForDeploymentPostprocessing = 0;
		};
/* End PBXFrameworksBuildPhase section */

/* Begin PBXGroup section */
		952735D1243BB6A900EC4EE3 = {
			isa = PBXGroup;
			children = (
				952735DC243BB6AA00EC4EE3 /* PlukSystem */,
				952735DB243BB6AA00EC4EE3 /* Products */,
			);
			sourceTree = "<group>";
		};
		952735DB243BB6AA00EC4EE3 /* Products */ = {
			isa = PBXGroup;
			children = (
				952735DA243BB6AA00EC4EE3 /* PlukSystem.app */,
			);
			name = Products;
			sourceTree = "<group>";
		};
		952735DC243BB6AA00EC4EE3 /* PlukSystem */ = {
			isa = PBXGroup;
			children = (
				952735FA243CC13100EC4EE3 /* Extensions */,
				952735F7243BB96D00EC4EE3 /* Views */,
				952735F4243BB8C300EC4EE3 /* Models */,
				952735F1243BB87600EC4EE3 /* IgnoredFiles */,
				952735DD243BB6AA00EC4EE3 /* AppDelegate.swift */,
				952735DF243BB6AA00EC4EE3 /* SceneDelegate.swift */,
				952735E1243BB6AA00EC4EE3 /* ContentView.swift */,
				952735E3243BB6AD00EC4EE3 /* Assets.xcassets */,
				952735E8243BB6AD00EC4EE3 /* LaunchScreen.storyboard */,
				952735EB243BB6AD00EC4EE3 /* Info.plist */,
				952735E5243BB6AD00EC4EE3 /* Preview Content */,
			);
			path = PlukSystem;
			sourceTree = "<group>";
		};
		952735E5243BB6AD00EC4EE3 /* Preview Content */ = {
			isa = PBXGroup;
			children = (
				952735E6243BB6AD00EC4EE3 /* Preview Assets.xcassets */,
			);
			path = "Preview Content";
			sourceTree = "<group>";
		};
		952735F1243BB87600EC4EE3 /* IgnoredFiles */ = {
			isa = PBXGroup;
			children = (
				952735F2243BB89C00EC4EE3 /* IgnoredSwiftUIFile.swift */,
				9555C078245B6F830084AB0E /* ChoosePickListViewCellCopy.swift */,
				9555C07A245B6FFD0084AB0E /* NumberBoxViewCopy.swift */,
				9555C07C245B70A70084AB0E /* PickListViewCopy.swift */,
			);
			path = IgnoredFiles;
			sourceTree = "<group>";
		};
		952735F4243BB8C300EC4EE3 /* Models */ = {
			isa = PBXGroup;
			children = (
				952735F5243BB8F700EC4EE3 /* UserSession.swift */,
				9592BF862445D54F00F3ED20 /* UserAuth.swift */,
				95E2FC3A2456F8A700790E1C /* PickList.swift */,
				95E2FC3C2456FAE200790E1C /* SalesOrder.swift */,
			);
			path = Models;
			sourceTree = "<group>";
		};
		952735F7243BB96D00EC4EE3 /* Views */ = {
			isa = PBXGroup;
			children = (
				95E2FC382456EB1200790E1C /* BadgeView.swift */,
				952735F8243BB98600EC4EE3 /* LoginView.swift */,
				9592BF822444E66000F3ED20 /* ChoosePickListView.swift */,
				9592BF842444E6D400F3ED20 /* NotLoggedInView.swift */,
				9592BF882445DA9000F3ED20 /* NumberBoxView.swift */,
				95E2FC3E2456FCAC00790E1C /* ChoosePickListViewCell.swift */,
				953424C8245A01AB0023E688 /* PickListView.swift */,
			);
			path = Views;
			sourceTree = "<group>";
		};
		952735FA243CC13100EC4EE3 /* Extensions */ = {
			isa = PBXGroup;
			children = (
				952735FB243CC16500EC4EE3 /* Color+BrandColors.swift */,
			);
			path = Extensions;
			sourceTree = "<group>";
		};
/* End PBXGroup section */

/* Begin PBXNativeTarget section */
		952735D9243BB6AA00EC4EE3 /* PlukSystem */ = {
			isa = PBXNativeTarget;
			buildConfigurationList = 952735EE243BB6AD00EC4EE3 /* Build configuration list for PBXNativeTarget "PlukSystem" */;
			buildPhases = (
				952735D6243BB6AA00EC4EE3 /* Sources */,
				952735D7243BB6AA00EC4EE3 /* Frameworks */,
				952735D8243BB6AA00EC4EE3 /* Resources */,
			);
			buildRules = (
			);
			dependencies = (
			);
			name = PlukSystem;
			productName = PlukSystem;
			productReference = 952735DA243BB6AA00EC4EE3 /* PlukSystem.app */;
			productType = "com.apple.product-type.application";
		};
/* End PBXNativeTarget section */

/* Begin PBXProject section */
		952735D2243BB6A900EC4EE3 /* Project object */ = {
			isa = PBXProject;
			attributes = {
				LastSwiftUpdateCheck = 1140;
				LastUpgradeCheck = 1140;
				ORGANIZATIONNAME = "Dennis Sørensen";
				TargetAttributes = {
					952735D9243BB6AA00EC4EE3 = {
						CreatedOnToolsVersion = 11.4;
					};
				};
			};
			buildConfigurationList = 952735D5243BB6A900EC4EE3 /* Build configuration list for PBXProject "PlukSystem" */;
			compatibilityVersion = "Xcode 9.3";
			developmentRegion = en;
			hasScannedForEncodings = 0;
			knownRegions = (
				en,
				Base,
			);
			mainGroup = 952735D1243BB6A900EC4EE3;
			productRefGroup = 952735DB243BB6AA00EC4EE3 /* Products */;
			projectDirPath = "";
			projectRoot = "";
			targets = (
				952735D9243BB6AA00EC4EE3 /* PlukSystem */,
			);
		};
/* End PBXProject section */

/* Begin PBXResourcesBuildPhase section */
		952735D8243BB6AA00EC4EE3 /* Resources */ = {
			isa = PBXResourcesBuildPhase;
			buildActionMask = 2147483647;
			files = (
				952735EA243BB6AD00EC4EE3 /* LaunchScreen.storyboard in Resources */,
				952735E7243BB6AD00EC4EE3 /* Preview Assets.xcassets in Resources */,
				952735E4243BB6AD00EC4EE3 /* Assets.xcassets in Resources */,
			);
			runOnlyForDeploymentPostprocessing = 0;
		};
/* End PBXResourcesBuildPhase section */

/* Begin PBXSourcesBuildPhase section */
		952735D6243BB6AA00EC4EE3 /* Sources */ = {
			isa = PBXSourcesBuildPhase;
			buildActionMask = 2147483647;
			files = (
				9555C07B245B6FFD0084AB0E /* NumberBoxViewCopy.swift in Sources */,
				95E2FC392456EB1200790E1C /* BadgeView.swift in Sources */,
				9592BF872445D54F00F3ED20 /* UserAuth.swift in Sources */,
				95E2FC3B2456F8A700790E1C /* PickList.swift in Sources */,
				9555C079245B6F830084AB0E /* ChoosePickListViewCellCopy.swift in Sources */,
				952735FC243CC16500EC4EE3 /* Color+BrandColors.swift in Sources */,
				952735F9243BB98600EC4EE3 /* LoginView.swift in Sources */,
				95E2FC3D2456FAE200790E1C /* SalesOrder.swift in Sources */,
				9592BF832444E66100F3ED20 /* ChoosePickListView.swift in Sources */,
				952735DE243BB6AA00EC4EE3 /* AppDelegate.swift in Sources */,
				9555C07D245B70A70084AB0E /* PickListViewCopy.swift in Sources */,
				952735F6243BB8F700EC4EE3 /* UserSession.swift in Sources */,
				952735E0243BB6AA00EC4EE3 /* SceneDelegate.swift in Sources */,
				95E2FC3F2456FCAC00790E1C /* ChoosePickListViewCell.swift in Sources */,
				953424C9245A01AB0023E688 /* PickListView.swift in Sources */,
				9592BF892445DA9000F3ED20 /* NumberBoxView.swift in Sources */,
				9592BF852444E6D400F3ED20 /* NotLoggedInView.swift in Sources */,
				952735F3243BB89C00EC4EE3 /* IgnoredSwiftUIFile.swift in Sources */,
				952735E2243BB6AA00EC4EE3 /* ContentView.swift in Sources */,
			);
			runOnlyForDeploymentPostprocessing = 0;
		};
/* End PBXSourcesBuildPhase section */

/* Begin PBXVariantGroup section */
		952735E8243BB6AD00EC4EE3 /* LaunchScreen.storyboard */ = {
			isa = PBXVariantGroup;
			children = (
				952735E9243BB6AD00EC4EE3 /* Base */,
			);
			name = LaunchScreen.storyboard;
			sourceTree = "<group>";
		};
/* End PBXVariantGroup section */

/* Begin XCBuildConfiguration section */
		952735EC243BB6AD00EC4EE3 /* Debug */ = {
			isa = XCBuildConfiguration;
			buildSettings = {
				ALWAYS_SEARCH_USER_PATHS = NO;
				CLANG_ANALYZER_NONNULL = YES;
				CLANG_ANALYZER_NUMBER_OBJECT_CONVERSION = YES_AGGRESSIVE;
				CLANG_CXX_LANGUAGE_STANDARD = "gnu++14";
				CLANG_CXX_LIBRARY = "libc++";
				CLANG_ENABLE_MODULES = YES;
				CLANG_ENABLE_OBJC_ARC = YES;
				CLANG_ENABLE_OBJC_WEAK = YES;
				CLANG_WARN_BLOCK_CAPTURE_AUTORELEASING = YES;
				CLANG_WARN_BOOL_CONVERSION = YES;
				CLANG_WARN_COMMA = YES;
				CLANG_WARN_CONSTANT_CONVERSION = YES;
				CLANG_WARN_DEPRECATED_OBJC_IMPLEMENTATIONS = YES;
				CLANG_WARN_DIRECT_OBJC_ISA_USAGE = YES_ERROR;
				CLANG_WARN_DOCUMENTATION_COMMENTS = YES;
				CLANG_WARN_EMPTY_BODY = YES;
				CLANG_WARN_ENUM_CONVERSION = YES;
				CLANG_WARN_INFINITE_RECURSION = YES;
				CLANG_WARN_INT_CONVERSION = YES;
				CLANG_WARN_NON_LITERAL_NULL_CONVERSION = YES;
				CLANG_WARN_OBJC_IMPLICIT_RETAIN_SELF = YES;
				CLANG_WARN_OBJC_LITERAL_CONVERSION = YES;
				CLANG_WARN_OBJC_ROOT_CLASS = YES_ERROR;
				CLANG_WARN_RANGE_LOOP_ANALYSIS = YES;
				CLANG_WARN_STRICT_PROTOTYPES = YES;
				CLANG_WARN_SUSPICIOUS_MOVE = YES;
				CLANG_WARN_UNGUARDED_AVAILABILITY = YES_AGGRESSIVE;
				CLANG_WARN_UNREACHABLE_CODE = YES;
				CLANG_WARN__DUPLICATE_METHOD_MATCH = YES;
				COPY_PHASE_STRIP = NO;
				DEBUG_INFORMATION_FORMAT = dwarf;
				ENABLE_STRICT_OBJC_MSGSEND = YES;
				ENABLE_TESTABILITY = YES;
				GCC_C_LANGUAGE_STANDARD = gnu11;
				GCC_DYNAMIC_NO_PIC = NO;
				GCC_NO_COMMON_BLOCKS = YES;
				GCC_OPTIMIZATION_LEVEL = 0;
				GCC_PREPROCESSOR_DEFINITIONS = (
					"DEBUG=1",
					"$(inherited)",
				);
				GCC_WARN_64_TO_32_BIT_CONVERSION = YES;
				GCC_WARN_ABOUT_RETURN_TYPE = YES_ERROR;
				GCC_WARN_UNDECLARED_SELECTOR = YES;
				GCC_WARN_UNINITIALIZED_AUTOS = YES_AGGRESSIVE;
				GCC_WARN_UNUSED_FUNCTION = YES;
				GCC_WARN_UNUSED_VARIABLE = YES;
				IPHONEOS_DEPLOYMENT_TARGET = 13.4;
				MTL_ENABLE_DEBUG_INFO = INCLUDE_SOURCE;
				MTL_FAST_MATH = YES;
				ONLY_ACTIVE_ARCH = YES;
				SDKROOT = iphoneos;
				SWIFT_ACTIVE_COMPILATION_CONDITIONS = DEBUG;
				SWIFT_OPTIMIZATION_LEVEL = "-Onone";
			};
			name = Debug;
		};
		952735ED243BB6AD00EC4EE3 /* Release */ = {
			isa = XCBuildConfiguration;
			buildSettings = {
				ALWAYS_SEARCH_USER_PATHS = NO;
				CLANG_ANALYZER_NONNULL = YES;
				CLANG_ANALYZER_NUMBER_OBJECT_CONVERSION = YES_AGGRESSIVE;
				CLANG_CXX_LANGUAGE_STANDARD = "gnu++14";
				CLANG_CXX_LIBRARY = "libc++";
				CLANG_ENABLE_MODULES = YES;
				CLANG_ENABLE_OBJC_ARC = YES;
				CLANG_ENABLE_OBJC_WEAK = YES;
				CLANG_WARN_BLOCK_CAPTURE_AUTORELEASING = YES;
				CLANG_WARN_BOOL_CONVERSION = YES;
				CLANG_WARN_COMMA = YES;
				CLANG_WARN_CONSTANT_CONVERSION = YES;
				CLANG_WARN_DEPRECATED_OBJC_IMPLEMENTATIONS = YES;
				CLANG_WARN_DIRECT_OBJC_ISA_USAGE = YES_ERROR;
				CLANG_WARN_DOCUMENTATION_COMMENTS = YES;
				CLANG_WARN_EMPTY_BODY = YES;
				CLANG_WARN_ENUM_CONVERSION = YES;
				CLANG_WARN_INFINITE_RECURSION = YES;
				CLANG_WARN_INT_CONVERSION = YES;
				CLANG_WARN_NON_LITERAL_NULL_CONVERSION = YES;
				CLANG_WARN_OBJC_IMPLICIT_RETAIN_SELF = YES;
				CLANG_WARN_OBJC_LITERAL_CONVERSION = YES;
				CLANG_WARN_OBJC_ROOT_CLASS = YES_ERROR;
				CLANG_WARN_RANGE_LOOP_ANALYSIS = YES;
				CLANG_WARN_STRICT_PROTOTYPES = YES;
				CLANG_WARN_SUSPICIOUS_MOVE = YES;
				CLANG_WARN_UNGUARDED_AVAILABILITY = YES_AGGRESSIVE;
				CLANG_WARN_UNREACHABLE_CODE = YES;
				CLANG_WARN__DUPLICATE_METHOD_MATCH = YES;
				COPY_PHASE_STRIP = NO;
				DEBUG_INFORMATION_FORMAT = "dwarf-with-dsym";
				ENABLE_NS_ASSERTIONS = NO;
				ENABLE_STRICT_OBJC_MSGSEND = YES;
				GCC_C_LANGUAGE_STANDARD = gnu11;
				GCC_NO_COMMON_BLOCKS = YES;
				GCC_WARN_64_TO_32_BIT_CONVERSION = YES;
				GCC_WARN_ABOUT_RETURN_TYPE = YES_ERROR;
				GCC_WARN_UNDECLARED_SELECTOR = YES;
				GCC_WARN_UNINITIALIZED_AUTOS = YES_AGGRESSIVE;
				GCC_WARN_UNUSED_FUNCTION = YES;
				GCC_WARN_UNUSED_VARIABLE = YES;
				IPHONEOS_DEPLOYMENT_TARGET = 13.4;
				MTL_ENABLE_DEBUG_INFO = NO;
				MTL_FAST_MATH = YES;
				SDKROOT = iphoneos;
				SWIFT_COMPILATION_MODE = wholemodule;
				SWIFT_OPTIMIZATION_LEVEL = "-O";
				VALIDATE_PRODUCT = YES;
			};
			name = Release;
		};
		952735EF243BB6AD00EC4EE3 /* Debug */ = {
			isa = XCBuildConfiguration;
			buildSettings = {
				ASSETCATALOG_COMPILER_APPICON_NAME = AppIcon;
				CODE_SIGN_STYLE = Automatic;
				DEVELOPMENT_ASSET_PATHS = "\"PlukSystem/Preview Content\"";
				DEVELOPMENT_TEAM = 9V879PR522;
				ENABLE_PREVIEWS = YES;
				INFOPLIST_FILE = PlukSystem/Info.plist;
				LD_RUNPATH_SEARCH_PATHS = (
					"$(inherited)",
					"@executable_path/Frameworks",
				);
				PRODUCT_BUNDLE_IDENTIFIER = Dennis.PlukSystem;
				PRODUCT_NAME = "$(TARGET_NAME)";
				SWIFT_VERSION = 5.0;
				TARGETED_DEVICE_FAMILY = "1,2";
			};
			name = Debug;
		};
		952735F0243BB6AD00EC4EE3 /* Release */ = {
			isa = XCBuildConfiguration;
			buildSettings = {
				ASSETCATALOG_COMPILER_APPICON_NAME = AppIcon;
				CODE_SIGN_STYLE = Automatic;
				DEVELOPMENT_ASSET_PATHS = "\"PlukSystem/Preview Content\"";
				DEVELOPMENT_TEAM = 9V879PR522;
				ENABLE_PREVIEWS = YES;
				INFOPLIST_FILE = PlukSystem/Info.plist;
				LD_RUNPATH_SEARCH_PATHS = (
					"$(inherited)",
					"@executable_path/Frameworks",
				);
				PRODUCT_BUNDLE_IDENTIFIER = Dennis.PlukSystem;
				PRODUCT_NAME = "$(TARGET_NAME)";
				SWIFT_VERSION = 5.0;
				TARGETED_DEVICE_FAMILY = "1,2";
			};
			name = Release;
		};
/* End XCBuildConfiguration section */

/* Begin XCConfigurationList section */
		952735D5243BB6A900EC4EE3 /* Build configuration list for PBXProject "PlukSystem" */ = {
			isa = XCConfigurationList;
			buildConfigurations = (
				952735EC243BB6AD00EC4EE3 /* Debug */,
				952735ED243BB6AD00EC4EE3 /* Release */,
			);
			defaultConfigurationIsVisible = 0;
			defaultConfigurationName = Release;
		};
		952735EE243BB6AD00EC4EE3 /* Build configuration list for PBXNativeTarget "PlukSystem" */ = {
			isa = XCConfigurationList;
			buildConfigurations = (
				952735EF243BB6AD00EC4EE3 /* Debug */,
				952735F0243BB6AD00EC4EE3 /* Release */,
			);
			defaultConfigurationIsVisible = 0;
			defaultConfigurationName = Release;
		};
/* End XCConfigurationList section */
	};
	rootObject = 952735D2243BB6A900EC4EE3 /* Project object */;
}
